{
  "name": "@scaffold-eth/monorepo",
  "version": "1.0.0",
  "lockfileVersion": 1,
  "requires": true,
  "dependencies": {
    "husky": {
      "version": "7.0.2",
      "dev": true
    },
    "prettier-plugin-organize-imports": {
      "version": "2.3.4",
      "resolved": "https://registry.npmjs.org/prettier-plugin-organize-imports/-/prettier-plugin-organize-imports-2.3.4.tgz",
      "integrity": "sha512-R8o23sf5iVL/U71h9SFUdhdOEPsi3nm42FD/oDYIZ2PQa4TNWWuWecxln6jlIQzpZTDMUeO1NicJP6lLn2TtRw==",
      "dev": true
    }
  }
}
